
Microsoft Visual Studio Solution File, Format Version 12.00
# Visual Studio Version 17
VisualStudioVersion = 17.9.34607.119
MinimumVisualStudioVersion = 10.0.40219.1
Project("{FAE04EC0-301F-11D3-BF4B-00C04F79EFBC}") = "Website_QLCC_RauSach", "Website_QLCC_RauSach\Website_QLCC_RauSach.csproj", "{DB20A633-C35B-4FC4-8A83-62FEFCFD23D9}"
EndProject
Global
	GlobalSection(SolutionConfigurationPlatforms) = preSolution
		Debug|Any CPU = Debug|Any CPU
		Release|Any CPU = Release|Any CPU
	EndGlobalSection
	GlobalSection(ProjectConfigurationPlatforms) = postSolution
		{DB20A633-C35B-4FC4-8A83-62FEFCFD23D9}.Debug|Any CPU.ActiveCfg = Debug|Any CPU
		{DB20A633-C35B-4FC4-8A83-62FEFCFD23D9}.Debug|Any CPU.Build.0 = Debug|Any CPU
		{DB20A633-C35B-4FC4-8A83-62FEFCFD23D9}.Release|Any CPU.ActiveCfg = Release|Any CPU
		{DB20A633-C35B-4FC4-8A83-62FEFCFD23D9}.Release|Any CPU.Build.0 = Release|Any CPU
	EndGlobalSection
	GlobalSection(SolutionProperties) = preSolution
		HideSolutionNode = FALSE
	EndGlobalSection
	GlobalSection(ExtensibilityGlobals) = postSolution
		SolutionGuid = {E5E3FFCF-212D-43AE-85E1-F0288F622B9F}
	EndGlobalSection
EndGlobal
